Microsoft Visual Studio Solution File, Format Version 12.00
# Visual Studio Version 17
VisualStudioVersion = 17.5.2.0
MinimumVisualStudioVersion = 10.0.40219.1
Project("{FAE04EC0-301F-11D3-BF4B-00C04F79EFBC}") = "ChemicalSDS", "ChemicalSDS.csproj", "{CA3DD58B-50A0-CAEF-C2FC-BF713F75A08A}"
EndProject
Global
	GlobalSection(SolutionConfigurationPlatforms) = preSolution
		Debug|Any CPU = Debug|Any CPU
		Release|Any CPU = Release|Any CPU
	EndGlobalSection
	GlobalSection(ProjectConfigurationPlatforms) = postSolution
		{CA3DD58B-50A0-CAEF-C2FC-BF713F75A08A}.Debug|Any CPU.ActiveCfg = Debug|Any CPU
		{CA3DD58B-50A0-CAEF-C2FC-BF713F75A08A}.Debug|Any CPU.Build.0 = Debug|Any CPU
		{CA3DD58B-50A0-CAEF-C2FC-BF713F75A08A}.Release|Any CPU.ActiveCfg = Release|Any CPU
		{CA3DD58B-50A0-CAEF-C2FC-BF713F75A08A}.Release|Any CPU.Build.0 = Release|Any CPU
	EndGlobalSection
	GlobalSection(SolutionProperties) = preSolution
		HideSolutionNode = FALSE
	EndGlobalSection
	GlobalSection(ExtensibilityGlobals) = postSolution
		SolutionGuid = {F84134B9-F3AA-48AB-8E35-541E524C946A}
	EndGlobalSection
EndGlobal
